
Microsoft Visual Studio Solution File, Format Version 12.00
# Visual Studio Version 16
VisualStudioVersion = 16.0.809.0
MinimumVisualStudioVersion = 10.0.40219.1
Project("{FAE04EC0-301F-11D3-BF4B-00C04F79EFBC}") = "AppointmentService.DAL", "AppointmentService.DAL\AppointmentService.DAL.csproj", "{D1CEBADC-10E2-45AB-A0E6-2CC45E3CBEC7}"
EndProject
Project("{FAE04EC0-301F-11D3-BF4B-00C04F79EFBC}") = "AppointmentService.Shared", "AppointmentService.Shared\AppointmentService.Shared.csproj", "{C183F6C1-3C93-4B52-894F-386EAE9FCB56}"
EndProject
Project("{FAE04EC0-301F-11D3-BF4B-00C04F79EFBC}") = "AppointmentService", "AppointmentService\AppointmentService.csproj", "{32DBB5AD-7588-47F4-A85C-C66A397B78A0}"
EndProject
Global
	GlobalSection(SolutionConfigurationPlatforms) = preSolution
		Debug|Any CPU = Debug|Any CPU
		Release|Any CPU = Release|Any CPU
	EndGlobalSection
	GlobalSection(ProjectConfigurationPlatforms) = postSolution
		{D1CEBADC-10E2-45AB-A0E6-2CC45E3CBEC7}.Debug|Any CPU.ActiveCfg = Debug|Any CPU
		{D1CEBADC-10E2-45AB-A0E6-2CC45E3CBEC7}.Debug|Any CPU.Build.0 = Debug|Any CPU
		{D1CEBADC-10E2-45AB-A0E6-2CC45E3CBEC7}.Release|Any CPU.ActiveCfg = Release|Any CPU
		{D1CEBADC-10E2-45AB-A0E6-2CC45E3CBEC7}.Release|Any CPU.Build.0 = Release|Any CPU
		{C183F6C1-3C93-4B52-894F-386EAE9FCB56}.Debug|Any CPU.ActiveCfg = Debug|Any CPU
		{C183F6C1-3C93-4B52-894F-386EAE9FCB56}.Debug|Any CPU.Build.0 = Debug|Any CPU
		{C183F6C1-3C93-4B52-894F-386EAE9FCB56}.Release|Any CPU.ActiveCfg = Release|Any CPU
		{C183F6C1-3C93-4B52-894F-386EAE9FCB56}.Release|Any CPU.Build.0 = Release|Any CPU
		{32DBB5AD-7588-47F4-A85C-C66A397B78A0}.Debug|Any CPU.ActiveCfg = Debug|Any CPU
		{32DBB5AD-7588-47F4-A85C-C66A397B78A0}.Debug|Any CPU.Build.0 = Debug|Any CPU
		{32DBB5AD-7588-47F4-A85C-C66A397B78A0}.Release|Any CPU.ActiveCfg = Release|Any CPU
		{32DBB5AD-7588-47F4-A85C-C66A397B78A0}.Release|Any CPU.Build.0 = Release|Any CPU
	EndGlobalSection
	GlobalSection(SolutionProperties) = preSolution
		HideSolutionNode = FALSE
	EndGlobalSection
	GlobalSection(ExtensibilityGlobals) = postSolution
		SolutionGuid = {1EE3352B-339F-4498-8C46-38996567A13A}
	EndGlobalSection
EndGlobal
